
Microsoft Visual Studio Solution File, Format Version 12.00
# Visual Studio Version 16
VisualStudioVersion = 16.0.30114.105
MinimumVisualStudioVersion = 10.0.40219.1
Project("{FAE04EC0-301F-11D3-BF4B-00C04F79EFBC}") = "DirectoryApi", "DirectoryApi\DirectoryApi.csproj", "{B804D40E-CAF7-42B9-B1BB-EA851D1C3E6F}"
EndProject
Project("{FAE04EC0-301F-11D3-BF4B-00C04F79EFBC}") = "DirectoryApi.Tests", "DirectoryApi.Tests\DirectoryApi.Tests.csproj", "{C2CD313D-B67B-4643-A611-DA2A788AC78F}"
EndProject
Global
	GlobalSection(SolutionConfigurationPlatforms) = preSolution
		Debug|Any CPU = Debug|Any CPU
		Release|Any CPU = Release|Any CPU
	EndGlobalSection
	GlobalSection(SolutionProperties) = preSolution
		HideSolutionNode = FALSE
	EndGlobalSection
	GlobalSection(ProjectConfigurationPlatforms) = postSolution
		{B804D40E-CAF7-42B9-B1BB-EA851D1C3E6F}.Debug|Any CPU.ActiveCfg = Debug|Any CPU
		{B804D40E-CAF7-42B9-B1BB-EA851D1C3E6F}.Debug|Any CPU.Build.0 = Debug|Any CPU
		{B804D40E-CAF7-42B9-B1BB-EA851D1C3E6F}.Release|Any CPU.ActiveCfg = Release|Any CPU
		{B804D40E-CAF7-42B9-B1BB-EA851D1C3E6F}.Release|Any CPU.Build.0 = Release|Any CPU
		{C2CD313D-B67B-4643-A611-DA2A788AC78F}.Debug|Any CPU.ActiveCfg = Debug|Any CPU
		{C2CD313D-B67B-4643-A611-DA2A788AC78F}.Debug|Any CPU.Build.0 = Debug|Any CPU
		{C2CD313D-B67B-4643-A611-DA2A788AC78F}.Release|Any CPU.ActiveCfg = Release|Any CPU
		{C2CD313D-B67B-4643-A611-DA2A788AC78F}.Release|Any CPU.Build.0 = Release|Any CPU
	EndGlobalSection
EndGlobal
